<?xml version="1.0" encoding="utf-8"?>
<Project ToolsVersion="4.0" xmlns="http://schemas.microsoft.com/developer/msbuild/2003">
  <ItemGroup>
    <Filter Include="Source Files">
      <UniqueIdentifier>{4FC737F1-C7A5-4376-A066-2A32D752A2FF}</UniqueIdentifier>
      <Extensions>cpp;c;cc;cxx;def;odl;idl;hpj;bat;asm;asmx</Extensions>
    </Filter>
    <Filter Include="Header Files">
      <UniqueIdentifier>{93995380-89BD-4b04-88EB-625FBE52EBFB}</UniqueIdentifier>
      <Extensions>h;hh;hpp;hxx;hm;inl;inc;ipp;xsd</Extensions>
    </Filter>
  </ItemGroup>
  <ItemGroup>
    <ClCompile Include="code\*.cpp">
      <Filter>Source Files</Filter>
    </ClCompile>
    <ClCompile Include="code\*.cpp">
      <Filter>Source Files</Filter>
    </ClCompile>
    <ClCompile Include="code\*.cpp">
      <Filter>Source Files</Filter>
    </ClCompile>
    <ClCompile Include="code\*.cpp">
      <Filter>Source Files</Filter>
    </ClCompile>
    <ClCompile Include="code\*.cpp">
      <Filter>Source Files</Filter>
    </ClCompile>
    <ClCompile Include="code\*.cpp">
      <Filter>Source Files</Filter>
    </ClCompile>
    <ClCompile Include="code\*.cpp">
      <Filter>Source Files</Filter>
    </ClCompile>
    <ClCompile Include="code\*.cpp">
      <Filter>Source Files</Filter>
    </ClCompile>
    <ClCompile Include="code\*.cpp">
      <Filter>Source Files</Filter>
    </ClCompile>
    <ClCompile Include="code\*.cpp">
      <Filter>Source Files</Filter>
    </ClCompile>
    <ClCompile Include="code\*.cpp">
      <Filter>Source Files</Filter>
    </ClCompile>
    <ClCompile Include="code\*.cpp">
      <Filter>Source Files</Filter>
    </ClCompile>
    <ClCompile Include="code\*.cpp">
      <Filter>Source Files</Filter>
    </ClCompile>
    <ClCompile Include="code\*.cpp">
      <Filter>Source Files</Filter>
    </ClCompile>
    <ClCompile Include="code\*.cpp">
      <Filter>Source Files</Filter>
    </ClCompile>
    <ClCompile Include="code\*.cpp">
      <Filter>Source Files</Filter>
    </ClCompile>
    <ClCompile Include="code\*.cpp">
      <Filter>Source Files</Filter>
    </ClCompile>
    <ClCompile Include="code\*.cpp">
      <Filter>Source Files</Filter>
    </ClCompile>
    <ClCompile Include="code\*.cpp">
      <Filter>Source Files</Filter>
    </ClCompile>
    <ClCompile Include="code\*.cpp">
      <Filter>Source Files</Filter>
    </ClCompile>
    <ClCompile Include="code\*.cpp">
      <Filter>Source Files</Filter>
    </ClCompile>
    <ClCompile Include="code\*.cpp">
      <Filter>Source Files</Filter>
    </ClCompile>
    <ClCompile Include="code\*.cpp">
      <Filter>Source Files</Filter>
    </ClCompile>
    <ClCompile Include="code\*.cpp">
      <Filter>Source Files</Filter>
    </ClCompile>
    <ClCompile Include="code\*.cpp">
      <Filter>Source Files</Filter>
    </ClCompile>
    <ClCompile Include="code\*.cpp">
      <Filter>Source Files</Filter>
    </ClCompile>
    <ClCompile Include="code\*.cpp">
      <Filter>Source Files</Filter>
    </ClCompile>
    <ClCompile Include="code\*.cpp">
      <Filter>Source Files</Filter>
    </ClCompile>
    <ClCompile Include="code\*.cpp">
      <Filter>Source Files</Filter>
    </ClCompile>
    <ClCompile Include="code\*.cpp">
      <Filter>Source Files</Filter>
    </ClCompile>
    <ClCompile Include="code\*.cpp">
      <Filter>Source Files</Filter>
    </ClCompile>
    <ClCompile Include="code\*.cpp">
      <Filter>Source Files</Filter>
    </ClCompile>
    <ClCompile Include="code\*.cpp">
      <Filter>Source Files</Filter>
    </ClCompile>
    <ClCompile Include="code\*.cpp">
      <Filter>Source Files</Filter>
    </ClCompile>
    <ClCompile Include="code\*.cpp">
      <Filter>Source Files</Filter>
    </ClCompile>
    <ClCompile Include="code\*.cpp">
      <Filter>Source Files</Filter>
    </ClCompile>
    <ClCompile Include="code\*.cpp">
      <Filter>Source Files</Filter>
    </ClCompile>
    <ClCompile Include="code\*.cpp">
      <Filter>Source Files</Filter>
    </ClCompile>
    <ClCompile Include="code\*.cpp">
      <Filter>Source Files</Filter>
    </ClCompile>
    <ClCompile Include="code\*.cpp">
      <Filter>Source Files</Filter>
    </ClCompile>
    <ClCompile Include="code\*.cpp">
      <Filter>Source Files</Filter>
    </ClCompile>
    <ClCompile Include="code\*.cpp">
      <Filter>Source Files</Filter>
    </ClCompile>
    <ClCompile Include="code\*.cpp">
      <Filter>Source Files</Filter>
    </ClCompile>
    <ClCompile Include="code\*.cpp">
      <Filter>Source Files</Filter>
    </ClCompile>
    <ClCompile Include="code\*.cpp">
      <Filter>Source Files</Filter>
    </ClCompile>
    <ClCompile Include="code\*.cpp">
      <Filter>Source Files</Filter>
    </ClCompile>
    <ClCompile Include="code\*.cpp">
      <Filter>Source Files</Filter>
    </ClCompile>
    <ClCompile Include="code\*.cpp">
      <Filter>Source Files</Filter>
    </ClCompile>
  </ItemGroup>
  <ItemGroup>
    <ClInclude Include="code\Aabb.h">
      <Filter>Header Files</Filter>
    </ClInclude>
    <ClInclude Include="code\als.h">
      <Filter>Header Files</Filter>
    </ClInclude>
    <ClInclude Include="code\als_math.h">
      <Filter>Header Files</Filter>
    </ClInclude>
    <ClInclude Include="code\CameraComponent.h">
      <Filter>Header Files</Filter>
    </ClInclude>
    <ClInclude Include="code\ColliderComponent.h">
      <Filter>Header Files</Filter>
    </ClInclude>
    <ClInclude Include="code\Component.h">
      <Filter>Header Files</Filter>
    </ClInclude>
    <ClInclude Include="code\ComponentGroup.h">
      <Filter>Header Files</Filter>
    </ClInclude>
    <ClInclude Include="code\Cubemap.h">
      <Filter>Header Files</Filter>
    </ClInclude>
    <ClInclude Include="code\DebugDraw.h">
      <Filter>Header Files</Filter>
    </ClInclude>
    <ClInclude Include="code\DebugGlobal.h">
      <Filter>Header Files</Filter>
    </ClInclude>
    <ClInclude Include="code\DirectionalLightComponent.h">
      <Filter>Header Files</Filter>
    </ClInclude>
    <ClInclude Include="code\Ecs.h">
      <Filter>Header Files</Filter>
    </ClInclude>
    <ClInclude Include="code\Entity.h">
      <Filter>Header Files</Filter>
    </ClInclude>
    <ClInclude Include="code\Game.h">
      <Filter>Header Files</Filter>
    </ClInclude>
    <ClInclude Include="code\Material.h">
      <Filter>Header Files</Filter>
    </ClInclude>
    <ClInclude Include="code\Mesh.h">
      <Filter>Header Files</Filter>
    </ClInclude>
    <ClInclude Include="code\MeshVertex.h">
      <Filter>Header Files</Filter>
    </ClInclude>
    <ClInclude Include="code\PointLightComponent.h">
      <Filter>Header Files</Filter>
    </ClInclude>
    <ClInclude Include="code\PortalComponent.h">
      <Filter>Header Files</Filter>
    </ClInclude>
    <ClInclude Include="code\Quad.h">
      <Filter>Header Files</Filter>
    </ClInclude>
    <ClInclude Include="code\RenderComponent.h">
      <Filter>Header Files</Filter>
    </ClInclude>
    <ClInclude Include="code\ResourceManager.h">
      <Filter>Header Files</Filter>
    </ClInclude>
    <ClInclude Include="code\Scene.h">
      <Filter>Header Files</Filter>
    </ClInclude>
    <ClInclude Include="code\Shader.h">
      <Filter>Header Files</Filter>
    </ClInclude>
    <ClInclude Include="code\Submesh.h">
      <Filter>Header Files</Filter>
    </ClInclude>
    <ClInclude Include="code\Texture.h">
      <Filter>Header Files</Filter>
    </ClInclude>
    <ClInclude Include="code\Transform.h">
      <Filter>Header Files</Filter>
    </ClInclude>
    <ClInclude Include="code\TransformComponent.h">
      <Filter>Header Files</Filter>
    </ClInclude>
    <ClInclude Include="code\Types.h">
      <Filter>Header Files</Filter>
    </ClInclude>
    <ClInclude Include="code\Window.h">
      <Filter>Header Files</Filter>
    </ClInclude>
    <ClInclude Include="code\*.h">
      <Filter>Header Files</Filter>
    </ClInclude>
    <ClInclude Include="code\*.h">
      <Filter>Header Files</Filter>
    </ClInclude>
    <ClInclude Include="code\*.h">
      <Filter>Header Files</Filter>
    </ClInclude>
    <ClInclude Include="code\*.h">
      <Filter>Header Files</Filter>
    </ClInclude>
    <ClInclude Include="code\*.h">
      <Filter>Header Files</Filter>
    </ClInclude>
    <ClInclude Include="code\*.h">
      <Filter>Header Files</Filter>
    </ClInclude>
    <ClInclude Include="code\*.h">
      <Filter>Header Files</Filter>
    </ClInclude>
    <ClInclude Include="code\*.h">
      <Filter>Header Files</Filter>
    </ClInclude>
    <ClInclude Include="code\*.h">
      <Filter>Header Files</Filter>
    </ClInclude>
    <ClInclude Include="code\*.h">
      <Filter>Header Files</Filter>
    </ClInclude>
    <ClInclude Include="code\*.h">
      <Filter>Header Files</Filter>
    </ClInclude>
    <ClInclude Include="code\*.h">
      <Filter>Header Files</Filter>
    </ClInclude>
    <ClInclude Include="code\*.h">
      <Filter>Header Files</Filter>
    </ClInclude>
    <ClInclude Include="code\*.h">
      <Filter>Header Files</Filter>
    </ClInclude>
    <ClInclude Include="code\*.h">
      <Filter>Header Files</Filter>
    </ClInclude>
    <ClInclude Include="code\*.h">
      <Filter>Header Files</Filter>
    </ClInclude>
    <ClInclude Include="code\*.h">
      <Filter>Header Files</Filter>
    </ClInclude>
    <ClInclude Include="code\*.h">
      <Filter>Header Files</Filter>
    </ClInclude>
    <ClInclude Include="code\*.h">
      <Filter>Header Files</Filter>
    </ClInclude>
    <ClInclude Include="code\*.h">
      <Filter>Header Files</Filter>
    </ClInclude>
    <ClInclude Include="code\*.h">
      <Filter>Header Files</Filter>
    </ClInclude>
    <ClInclude Include="code\*.h">
      <Filter>Header Files</Filter>
    </ClInclude>
    <ClInclude Include="code\*.h">
      <Filter>Header Files</Filter>
    </ClInclude>
    <ClInclude Include="code\*.h">
      <Filter>Header Files</Filter>
    </ClInclude>
    <ClInclude Include="code\*.h">
      <Filter>Header Files</Filter>
    </ClInclude>
    <ClInclude Include="code\*.h">
      <Filter>Header Files</Filter>
    </ClInclude>
    <ClInclude Include="code\*.h">
      <Filter>Header Files</Filter>
    </ClInclude>
    <ClInclude Include="code\*.h">
      <Filter>Header Files</Filter>
    </ClInclude>
    <ClInclude Include="code\*.h">
      <Filter>Header Files</Filter>
    </ClInclude>
    <ClInclude Include="code\*.h">
      <Filter>Header Files</Filter>
    </ClInclude>
    <ClInclude Include="code\*.h">
      <Filter>Header Files</Filter>
    </ClInclude>
    <ClInclude Include="code\*.h">
      <Filter>Header Files</Filter>
    </ClInclude>
    <ClInclude Include="code\*.h">
      <Filter>Header Files</Filter>
    </ClInclude>
    <ClInclude Include="code\*.h">
      <Filter>Header Files</Filter>
    </ClInclude>
    <ClInclude Include="code\*.h">
      <Filter>Header Files</Filter>
    </ClInclude>
    <ClInclude Include="code\*.h">
      <Filter>Header Files</Filter>
    </ClInclude>
    <ClInclude Include="code\*.h">
      <Filter>Header Files</Filter>
    </ClInclude>
    <ClInclude Include="code\*.h">
      <Filter>Header Files</Filter>
    </ClInclude>
    <ClInclude Include="code\*.h">
      <Filter>Header Files</Filter>
    </ClInclude>
    <ClInclude Include="code\*.h">
      <Filter>Header Files</Filter>
    </ClInclude>
    <ClInclude Include="code\*.h">
      <Filter>Header Files</Filter>
    </ClInclude>
    <ClInclude Include="code\*.h">
      <Filter>Header Files</Filter>
    </ClInclude>
    <ClInclude Include="code\*.h">
      <Filter>Header Files</Filter>
    </ClInclude>
    <ClInclude Include="code\*.h">
      <Filter>Header Files</Filter>
    </ClInclude>
    <ClInclude Include="code\*.h">
      <Filter>Header Files</Filter>
    </ClInclude>
    <ClInclude Include="code\*.h">
      <Filter>Header Files</Filter>
    </ClInclude>
    <ClInclude Include="code\*.h">
      <Filter>Header Files</Filter>
    </ClInclude>
    <ClInclude Include="code\*.h">
      <Filter>Header Files</Filter>
    </ClInclude>
    <ClInclude Include="code\*.h">
      <Filter>Header Files</Filter>
    </ClInclude>
    <ClInclude Include="code\*.h">
      <Filter>Header Files</Filter>
    </ClInclude>
    <ClInclude Include="code\*.h">
      <Filter>Header Files</Filter>
    </ClInclude>
    <ClInclude Include="code\*.h">
      <Filter>Header Files</Filter>
    </ClInclude>
    <ClInclude Include="code\*.h">
      <Filter>Header Files</Filter>
    </ClInclude>
    <ClInclude Include="code\*.h">
      <Filter>Header Files</Filter>
    </ClInclude>
    <ClInclude Include="code\*.h">
      <Filter>Header Files</Filter>
    </ClInclude>
    <ClInclude Include="code\*.h">
      <Filter>Header Files</Filter>
    </ClInclude>
    <ClInclude Include="code\*.h">
      <Filter>Header Files</Filter>
    </ClInclude>
    <ClInclude Include="code\*.h">
      <Filter>Header Files</Filter>
    </ClInclude>
  </ItemGroup>
</Project>